<?xml version="1.0" encoding="utf-8"?>
<Project ToolsVersion="4.0" xmlns="http://schemas.microsoft.com/developer/msbuild/2003">
  <ItemGroup>
    <Filter Include="Source Files">
      <UniqueIdentifier>{4FC737F1-C7A5-4376-A066-2A32D752A2FF}</UniqueIdentifier>
      <Extensions>cpp;c;cc;cxx;def;odl;idl;hpj;bat;asm;asmx</Extensions>
    </Filter>
    <Filter Include="Header Files">
      <UniqueIdentifier>{93995380-89BD-4b04-88EB-625FBE52EBFB}</UniqueIdentifier>
      <Extensions>h;hh;hpp;hxx;hm;inl;inc;xsd</Extensions>
    </Filter>
    <Filter Include="Resource Files">
      <UniqueIdentifier>{67DA6AB6-F800-4c08-8B7A-83BB121AAD01}</UniqueIdentifier>
      <Extensions>rc;ico;cur;bmp;dlg;rc2;rct;bin;rgs;gif;jpg;jpeg;jpe;resx;tiff;tif;png;wav;mfcribbon-ms</Extensions>
    </Filter>
    <Filter Include="Header Files\x86">
      <UniqueIdentifier>{af2a89cf-7a48-4a3e-b042-6af245eba70a}</UniqueIdentifier>
    </Filter>
    <Filter Include="Source Files\x86">
      <UniqueIdentifier>{28535101-4751-452b-95fa-817f80618640}</UniqueIdentifier>
    </Filter>
    <Filter Include="Header Files\graphengine">
      <UniqueIdentifier>{16376947-7557-4eab-b0c5-2693c7e1847b}</UniqueIdentifier>
    </Filter>
    <Filter Include="Source Files\graphengine">
      <UniqueIdentifier>{af5cce9b-76c7-433d-b140-74ef5c2909f0}</UniqueIdentifier>
    </Filter>
    <Filter Include="Source Files\graphengine\x86">
      <UniqueIdentifier>{c68a112d-dbb4-4462-ac20-e19fdf3a1680}</UniqueIdentifier>
    </Filter>
    <Filter Include="Header Files\graphengine\x86">
      <UniqueIdentifier>{0c49db3d-7378-48cb-84d1-1be499db1e6d}</UniqueIdentifier>
    </Filter>
    <Filter Include="Header Files\graphengine\include">
      <UniqueIdentifier>{8977124f-b059-4d8e-a44c-4f92a1287c04}</UniqueIdentifier>
    </Filter>
  </ItemGroup>
  <ItemGroup>
    <ClInclude Include="..\..\znedi3\kernel.h">
      <Filter>Header Files</Filter>
    </ClInclude>
    <ClInclude Include="..\..\znedi3\weights.h">
      <Filter>Header Files</Filter>
    </ClInclude>
    <ClInclude Include="..\..\znedi3\znedi3.h">
      <Filter>Header Files</Filter>
    </ClInclude>
    <ClInclude Include="..\..\znedi3\znedi3_impl.h">
      <Filter>Header Files</Filter>
    </ClInclude>
    <ClInclude Include="..\..\znedi3\x86\kernel_x86.h">
      <Filter>Header Files\x86</Filter>
    </ClInclude>
    <ClInclude Include="..\..\znedi3\x86\cpuinfo_x86.h">
      <Filter>Header Files\x86</Filter>
    </ClInclude>
    <ClInclude Include="..\..\znedi3\cpuinfo.h">
      <Filter>Header Files</Filter>
    </ClInclude>
    <ClInclude Include="..\..\znedi3\align.h">
      <Filter>Header Files</Filter>
    </ClInclude>
    <ClInclude Include="..\..\znedi3\alloc.h">
      <Filter>Header Files</Filter>
    </ClInclude>
    <ClInclude Include="..\..\znedi3\ccdep.h">
      <Filter>Header Files</Filter>
    </ClInclude>
    <ClInclude Include="..\..\znedi3\x86\kernel_sse_commmon.h">
      <Filter>Header Files\x86</Filter>
    </ClInclude>
    <ClInclude Include="..\..\znedi3\x86\kernel_avx_common.h">
      <Filter>Header Files\x86</Filter>
    </ClInclude>
    <ClInclude Include="..\..\graphengine\graphengine\cpuinfo.h">
      <Filter>Header Files\graphengine</Filter>
    </ClInclude>
    <ClInclude Include="..\..\graphengine\graphengine\node.h">
      <Filter>Header Files\graphengine</Filter>
    </ClInclude>
    <ClInclude Include="..\..\graphengine\graphengine\state.h">
      <Filter>Header Files\graphengine</Filter>
    </ClInclude>
    <ClInclude Include="..\..\graphengine\graphengine\x86\cpuinfo_x86.h">
      <Filter>Header Files\graphengine\x86</Filter>
    </ClInclude>
    <ClInclude Include="..\..\graphengine\include\graphengine\filter.h">
      <Filter>Header Files\graphengine\include</Filter>
    </ClInclude>
    <ClInclude Include="..\..\graphengine\include\graphengine\graph.h">
      <Filter>Header Files\graphengine\include</Filter>
    </ClInclude>
    <ClInclude Include="..\..\graphengine\include\graphengine\namespace.h">
      <Filter>Header Files\graphengine\include</Filter>
    </ClInclude>
    <ClInclude Include="..\..\graphengine\include\graphengine\types.h">
      <Filter>Header Files\graphengine\include</Filter>
    </ClInclude>
  </ItemGroup>
  <ItemGroup>
    <ClCompile Include="..\..\znedi3\weights.cpp">
      <Filter>Source Files</Filter>
    </ClCompile>
    <ClCompile Include="..\..\znedi3\x86\cpuinfo_x86.cpp">
      <Filter>Source Files\x86</Filter>
    </ClCompile>
    <ClCompile Include="..\..\znedi3\cpuinfo.cpp">
      <Filter>Source Files</Filter>
    </ClCompile>
    <ClCompile Include="..\..\znedi3\x86\kernel_avx512.cpp">
      <Filter>Source Files\x86</Filter>
    </ClCompile>
    <ClCompile Include="..\..\znedi3\x86\kernel_sse.cpp">
      <Filter>Source Files\x86</Filter>
    </ClCompile>
    <ClCompile Include="..\..\znedi3\x86\kernel_sse2.cpp">
      <Filter>Source Files\x86</Filter>
    </ClCompile>
    <ClCompile Include="..\..\znedi3\x86\kernel_avx.cpp">
      <Filter>Source Files\x86</Filter>
    </ClCompile>
    <ClCompile Include="..\..\znedi3\x86\kernel_avx2.cpp">
      <Filter>Source Files\x86</Filter>
    </ClCompile>
    <ClCompile Include="..\..\znedi3\x86\kernel_f16c.cpp">
      <Filter>Source Files\x86</Filter>
    </ClCompile>
    <ClCompile Include="..\..\znedi3\znedi3.cpp">
      <Filter>Source Files</Filter>
    </ClCompile>
    <ClCompile Include="..\..\znedi3\x86\kernel_x86.cpp">
      <Filter>Source Files\x86</Filter>
    </ClCompile>
    <ClCompile Include="..\..\znedi3\kernel.cpp">
      <Filter>Source Files</Filter>
    </ClCompile>
    <ClCompile Include="..\..\znedi3\znedi3_impl.cpp">
      <Filter>Source Files</Filter>
    </ClCompile>
    <ClCompile Include="..\..\graphengine\graphengine\cpuinfo.cpp">
      <Filter>Source Files\graphengine</Filter>
    </ClCompile>
    <ClCompile Include="..\..\graphengine\graphengine\graph.cpp">
      <Filter>Source Files\graphengine</Filter>
    </ClCompile>
    <ClCompile Include="..\..\graphengine\graphengine\node.cpp">
      <Filter>Source Files\graphengine</Filter>
    </ClCompile>
    <ClCompile Include="..\..\graphengine\graphengine\x86\cpuinfo_x86.cpp">
      <Filter>Source Files\graphengine\x86</Filter>
    </ClCompile>
  </ItemGroup>
</Project>