<?xml version="1.0" encoding="utf-8"?>
<Project ToolsVersion="4.0" xmlns="http://schemas.microsoft.com/developer/msbuild/2003">
  <ItemGroup>
    <Filter Include="Source Files">
      <UniqueIdentifier>{4FC737F1-C7A5-4376-A066-2A32D752A2FF}</UniqueIdentifier>
      <Extensions>cpp;c;cc;cxx;def;odl;idl;hpj;bat;asm;asmx</Extensions>
    </Filter>
    <Filter Include="Header Files">
      <UniqueIdentifier>{93995380-89BD-4b04-88EB-625FBE52EBFB}</UniqueIdentifier>
      <Extensions>h;hh;hpp;hxx;hm;inl;inc;xsd</Extensions>
    </Filter>
    <Filter Include="Resource Files">
      <UniqueIdentifier>{67DA6AB6-F800-4c08-8B7A-83BB121AAD01}</UniqueIdentifier>
      <Extensions>rc;ico;cur;bmp;dlg;rc2;rct;bin;rgs;gif;jpg;jpeg;jpe;resx;tiff;tif;png;wav;mfcribbon-ms</Extensions>
    </Filter>
    <Filter Include="Header Files\x86">
      <UniqueIdentifier>{af2a89cf-7a48-4a3e-b042-6af245eba70a}</UniqueIdentifier>
    </Filter>
    <Filter Include="Source Files\x86">
      <UniqueIdentifier>{28535101-4751-452b-95fa-817f80618640}</UniqueIdentifier>
    </Filter>
  </ItemGroup>
  <ItemGroup>
    <ClInclude Include="..\..\znedi3\kernel.h">
      <Filter>Header Files</Filter>
    </ClInclude>
    <ClInclude Include="..\..\znedi3\weights.h">
      <Filter>Header Files</Filter>
    </ClInclude>
    <ClInclude Include="..\..\znedi3\znedi3.h">
      <Filter>Header Files</Filter>
    </ClInclude>
    <ClInclude Include="..\..\znedi3\znedi3_impl.h">
      <Filter>Header Files</Filter>
    </ClInclude>
    <ClInclude Include="..\..\znedi3\x86\kernel_x86.h">
      <Filter>Header Files\x86</Filter>
    </ClInclude>
    <ClInclude Include="..\..\znedi3\x86\cpuinfo_x86.h">
      <Filter>Header Files\x86</Filter>
    </ClInclude>
    <ClInclude Include="..\..\znedi3\cpuinfo.h">
      <Filter>Header Files</Filter>
    </ClInclude>
    <ClInclude Include="..\..\znedi3\align.h">
      <Filter>Header Files</Filter>
    </ClInclude>
    <ClInclude Include="..\..\znedi3\alloc.h">
      <Filter>Header Files</Filter>
    </ClInclude>
    <ClInclude Include="..\..\znedi3\ccdep.h">
      <Filter>Header Files</Filter>
    </ClInclude>
    <ClInclude Include="..\..\znedi3\x86\kernel_sse_commmon.h">
      <Filter>Header Files\x86</Filter>
    </ClInclude>
    <ClInclude Include="..\..\znedi3\x86\kernel_avx_common.h">
      <Filter>Header Files\x86</Filter>
    </ClInclude>
  </ItemGroup>
  <ItemGroup>
    <ClCompile Include="..\..\znedi3\kernel.cpp">
      <Filter>Source Files</Filter>
    </ClCompile>
    <ClCompile Include="..\..\znedi3\weights.cpp">
      <Filter>Source Files</Filter>
    </ClCompile>
    <ClCompile Include="..\..\znedi3\znedi3.cpp">
      <Filter>Source Files</Filter>
    </ClCompile>
    <ClCompile Include="..\..\znedi3\znedi3_impl.cpp">
      <Filter>Source Files</Filter>
    </ClCompile>
    <ClCompile Include="..\..\znedi3\x86\kernel_x86.cpp">
      <Filter>Source Files\x86</Filter>
    </ClCompile>
    <ClCompile Include="..\..\znedi3\x86\cpuinfo_x86.cpp">
      <Filter>Source Files\x86</Filter>
    </ClCompile>
    <ClCompile Include="..\..\znedi3\cpuinfo.cpp">
      <Filter>Source Files</Filter>
    </ClCompile>
    <ClCompile Include="..\..\znedi3\x86\kernel_avx512.cpp">
      <Filter>Source Files\x86</Filter>
    </ClCompile>
    <ClCompile Include="..\..\znedi3\x86\kernel_sse.cpp">
      <Filter>Source Files\x86</Filter>
    </ClCompile>
    <ClCompile Include="..\..\znedi3\x86\kernel_sse2.cpp">
      <Filter>Source Files\x86</Filter>
    </ClCompile>
    <ClCompile Include="..\..\znedi3\x86\kernel_avx.cpp">
      <Filter>Source Files\x86</Filter>
    </ClCompile>
    <ClCompile Include="..\..\znedi3\x86\kernel_avx2.cpp">
      <Filter>Source Files\x86</Filter>
    </ClCompile>
  </ItemGroup>
</Project>