<?xml version="1.0" encoding="utf-8"?>
<Project ToolsVersion="4.0" xmlns="http://schemas.microsoft.com/developer/msbuild/2003">
  <ItemGroup>
    <Filter Include="Source Files">
      <UniqueIdentifier>{4FC737F1-C7A5-4376-A066-2A32D752A2FF}</UniqueIdentifier>
      <Extensions>cpp;c;cc;cxx;def;odl;idl;hpj;bat;asm;asmx</Extensions>
    </Filter>
    <Filter Include="Header Files">
      <UniqueIdentifier>{93995380-89BD-4b04-88EB-625FBE52EBFB}</UniqueIdentifier>
      <Extensions>h;hh;hpp;hxx;hm;inl;inc;xsd</Extensions>
    </Filter>
    <Filter Include="Resource Files">
      <UniqueIdentifier>{67DA6AB6-F800-4c08-8B7A-83BB121AAD01}</UniqueIdentifier>
      <Extensions>rc;ico;cur;bmp;dlg;rc2;rct;bin;rgs;gif;jpg;jpeg;jpe;resx;tiff;tif;png;wav;mfcribbon-ms</Extensions>
    </Filter>
    <Filter Include="Header Files\vsxx">
      <UniqueIdentifier>{fa0ad718-67f9-4813-945b-28d078b910fd}</UniqueIdentifier>
    </Filter>
    <Filter Include="Source Files\vsxx">
      <UniqueIdentifier>{4de79606-4494-459e-8800-0a0ef4a66bc0}</UniqueIdentifier>
    </Filter>
  </ItemGroup>
  <ItemGroup>
    <ClCompile Include="..\..\vsznedi3\vsznedi3.cpp">
      <Filter>Source Files</Filter>
    </ClCompile>
    <ClCompile Include="..\..\vsxx\vsxx4_pluginmain.cpp">
      <Filter>Source Files\vsxx</Filter>
    </ClCompile>
  </ItemGroup>
  <ItemGroup>
    <ClInclude Include="..\..\vsxx\VapourSynth.h">
      <Filter>Header Files\vsxx</Filter>
    </ClInclude>
    <ClInclude Include="..\..\vsxx\VapourSynth++.hpp">
      <Filter>Header Files\vsxx</Filter>
    </ClInclude>
    <ClInclude Include="..\..\vsxx\VSHelper.h">
      <Filter>Header Files\vsxx</Filter>
    </ClInclude>
    <ClInclude Include="..\..\vsxx\VSScript.h">
      <Filter>Header Files\vsxx</Filter>
    </ClInclude>
    <ClInclude Include="..\..\vsxx\vsxx_pluginmain.h">
      <Filter>Header Files\vsxx</Filter>
    </ClInclude>
  </ItemGroup>
</Project>